
Microsoft Visual Studio Solution File, Format Version 12.00
# Visual Studio Version 17
VisualStudioVersion = 17.2.32516.85
MinimumVisualStudioVersion = 10.0.40219.1
Project("{9A19103F-16F7-4668-BE54-9A1E7A4F7556}") = "Quicapata", "Quicapata\Quicapata.csproj", "{1BD3A2D1-DFEB-4B44-A7EC-1ACE8A473C1F}"
EndProject
Project("{E24C65DC-7377-472B-9ABA-BC803B73C61A}") = "skote", "skote\", "{CFDEFECA-84E1-4F2E-B6F0-D22AB7FE8201}"
	ProjectSection(WebsiteProperties) = preProject
		TargetFrameworkMoniker = ".NETFramework,Version%3Dv4.0"
		Debug.AspNetCompiler.VirtualPath = "/localhost_18708"
		Debug.AspNetCompiler.PhysicalPath = "skote\"
		Debug.AspNetCompiler.TargetPath = "PrecompiledWeb\localhost_18708\"
		Debug.AspNetCompiler.Updateable = "true"
		Debug.AspNetCompiler.ForceOverwrite = "true"
		Debug.AspNetCompiler.FixedNames = "false"
		Debug.AspNetCompiler.Debug = "True"
		Release.AspNetCompiler.VirtualPath = "/localhost_18708"
		Release.AspNetCompiler.PhysicalPath = "skote\"
		Release.AspNetCompiler.TargetPath = "PrecompiledWeb\localhost_18708\"
		Release.AspNetCompiler.Updateable = "true"
		Release.AspNetCompiler.ForceOverwrite = "true"
		Release.AspNetCompiler.FixedNames = "false"
		Release.AspNetCompiler.Debug = "False"
		VWDPort = "18708"
		SlnRelativePath = "skote\"
	EndProjectSection
EndProject
Global
	GlobalSection(SolutionConfigurationPlatforms) = preSolution
		Debug|Any CPU = Debug|Any CPU
		Release|Any CPU = Release|Any CPU
	EndGlobalSection
	GlobalSection(ProjectConfigurationPlatforms) = postSolution
		{1BD3A2D1-DFEB-4B44-A7EC-1ACE8A473C1F}.Debug|Any CPU.ActiveCfg = Debug|Any CPU
		{1BD3A2D1-DFEB-4B44-A7EC-1ACE8A473C1F}.Debug|Any CPU.Build.0 = Debug|Any CPU
		{1BD3A2D1-DFEB-4B44-A7EC-1ACE8A473C1F}.Release|Any CPU.ActiveCfg = Release|Any CPU
		{1BD3A2D1-DFEB-4B44-A7EC-1ACE8A473C1F}.Release|Any CPU.Build.0 = Release|Any CPU
		{CFDEFECA-84E1-4F2E-B6F0-D22AB7FE8201}.Debug|Any CPU.ActiveCfg = Debug|Any CPU
		{CFDEFECA-84E1-4F2E-B6F0-D22AB7FE8201}.Debug|Any CPU.Build.0 = Debug|Any CPU
		{CFDEFECA-84E1-4F2E-B6F0-D22AB7FE8201}.Release|Any CPU.ActiveCfg = Debug|Any CPU
		{CFDEFECA-84E1-4F2E-B6F0-D22AB7FE8201}.Release|Any CPU.Build.0 = Debug|Any CPU
	EndGlobalSection
	GlobalSection(SolutionProperties) = preSolution
		HideSolutionNode = FALSE
	EndGlobalSection
	GlobalSection(ExtensibilityGlobals) = postSolution
		SolutionGuid = {BF5E7965-0465-4A16-ADE0-A7F2135C8655}
	EndGlobalSection
EndGlobal
